{
  "nodes": {
    "nixpkgs": {
      "locked": {
        "lastModified": 1739422251,
        "narHash": "sha256-FhzC7YSK68+IhOQ6xl9RQY20tHpnDp1ENyHOAwZKGrg=",
        "owner": "NixOS",
        "repo": "nixpkgs",
        "rev": "2ee154072b14fb944dc1ae7ff7a5d104c4366ef9",
        "type": "github"
      },
      "original": {
        "owner": "NixOS",
        "repo": "nixpkgs",
        "type": "github"
      }
    },
    "root": {
      "inputs": {
        "nixpkgs": "nixpkgs"
      }
    }
  },
  "root": "root",
  "version": 7
}
